
Microsoft Visual Studio Solution File, Format Version 12.00
# Visual Studio 15
VisualStudioVersion = 15.0.27130.2027
MinimumVisualStudioVersion = 10.0.40219.1
Project("{FAE04EC0-301F-11D3-BF4B-00C04F79EFBC}") = "01 - Data Access Layer", "01 - Data Access Layer\01 - Data Access Layer.csproj", "{2176F784-31BA-416E-9733-206F508C22C2}"
EndProject
Project("{FAE04EC0-301F-11D3-BF4B-00C04F79EFBC}") = "02 - Business Entities Layer", "02 - Business Entities Layer\02 - Business Entities Layer.csproj", "{30BEAFEF-D86B-4421-B6AC-1B9E9CF51175}"
EndProject
Project("{FAE04EC0-301F-11D3-BF4B-00C04F79EFBC}") = "03 - Business Logic Layer", "03 - Business Logic Layer\03 - Business Logic Layer.csproj", "{50B4A06A-4394-44A1-B1FE-3EA8A4E54D64}"
EndProject
Project("{FAE04EC0-301F-11D3-BF4B-00C04F79EFBC}") = "04 - Web API", "04 - Web API\04 - Web API.csproj", "{170AEB4D-E4B5-495F-A487-E49306F1AB93}"
EndProject
Global
	GlobalSection(SolutionConfigurationPlatforms) = preSolution
		Debug|Any CPU = Debug|Any CPU
		Release|Any CPU = Release|Any CPU
	EndGlobalSection
	GlobalSection(ProjectConfigurationPlatforms) = postSolution
		{2176F784-31BA-416E-9733-206F508C22C2}.Debug|Any CPU.ActiveCfg = Debug|Any CPU
		{2176F784-31BA-416E-9733-206F508C22C2}.Debug|Any CPU.Build.0 = Debug|Any CPU
		{2176F784-31BA-416E-9733-206F508C22C2}.Release|Any CPU.ActiveCfg = Release|Any CPU
		{2176F784-31BA-416E-9733-206F508C22C2}.Release|Any CPU.Build.0 = Release|Any CPU
		{30BEAFEF-D86B-4421-B6AC-1B9E9CF51175}.Debug|Any CPU.ActiveCfg = Debug|Any CPU
		{30BEAFEF-D86B-4421-B6AC-1B9E9CF51175}.Debug|Any CPU.Build.0 = Debug|Any CPU
		{30BEAFEF-D86B-4421-B6AC-1B9E9CF51175}.Release|Any CPU.ActiveCfg = Release|Any CPU
		{30BEAFEF-D86B-4421-B6AC-1B9E9CF51175}.Release|Any CPU.Build.0 = Release|Any CPU
		{50B4A06A-4394-44A1-B1FE-3EA8A4E54D64}.Debug|Any CPU.ActiveCfg = Debug|Any CPU
		{50B4A06A-4394-44A1-B1FE-3EA8A4E54D64}.Debug|Any CPU.Build.0 = Debug|Any CPU
		{50B4A06A-4394-44A1-B1FE-3EA8A4E54D64}.Release|Any CPU.ActiveCfg = Release|Any CPU
		{50B4A06A-4394-44A1-B1FE-3EA8A4E54D64}.Release|Any CPU.Build.0 = Release|Any CPU
		{170AEB4D-E4B5-495F-A487-E49306F1AB93}.Debug|Any CPU.ActiveCfg = Debug|Any CPU
		{170AEB4D-E4B5-495F-A487-E49306F1AB93}.Debug|Any CPU.Build.0 = Debug|Any CPU
		{170AEB4D-E4B5-495F-A487-E49306F1AB93}.Release|Any CPU.ActiveCfg = Release|Any CPU
		{170AEB4D-E4B5-495F-A487-E49306F1AB93}.Release|Any CPU.Build.0 = Release|Any CPU
	EndGlobalSection
	GlobalSection(SolutionProperties) = preSolution
		HideSolutionNode = FALSE
	EndGlobalSection
	GlobalSection(ExtensibilityGlobals) = postSolution
		SolutionGuid = {958F657E-BC1D-423F-BD93-F0124C70EDC2}
	EndGlobalSection
EndGlobal
